// !$*UTF8*$!
{
	archiveVersion = 1;
	classes = {
	};
	objectVersion = 46;
	objects = {

/* Begin PBXBuildFile section */
		3BFC7762224489A600794E98 /* TwoViewController.xib in Resources */ = {isa = PBXBuildFile; fileRef = 3BFC7744224489A600794E98 /* TwoViewController.xib */; };
		3BFC7763224489A600794E98 /* TwoViewController.m in Sources */ = {isa = PBXBuildFile; fileRef = 3BFC7745224489A600794E98 /* TwoViewController.m */; };
		3BFC7764224489A600794E98 /* Assets.xcassets in Resources */ = {isa = PBXBuildFile; fileRef = 3BFC7748224489A600794E98 /* Assets.xcassets */; };
		3BFC7765224489A600794E98 /* LaunchScreen.storyboard in Resources */ = {isa = PBXBuildFile; fileRef = 3BFC7749224489A600794E98 /* LaunchScreen.storyboard */; };
		3BFC7766224489A600794E98 /* Main.storyboard in Resources */ = {isa = PBXBuildFile; fileRef = 3BFC774B224489A600794E98 /* Main.storyboard */; };
		3BFC7767224489A600794E98 /* main.m in Sources */ = {isa = PBXBuildFile; fileRef = 3BFC774D224489A600794E98 /* main.m */; };
		3BFC7769224489A600794E98 /* OnePushViewController.m in Sources */ = {isa = PBXBuildFile; fileRef = 3BFC7750224489A600794E98 /* OnePushViewController.m */; };
		3BFC776A224489A600794E98 /* OneViewController.m in Sources */ = {isa = PBXBuildFile; fileRef = 3BFC7751224489A600794E98 /* OneViewController.m */; };
		3BFC776B224489A600794E98 /* OnePushViewController.xib in Resources */ = {isa = PBXBuildFile; fileRef = 3BFC7752224489A600794E98 /* OnePushViewController.xib */; };
		3BFC776C224489A600794E98 /* OneViewController.xib in Resources */ = {isa = PBXBuildFile; fileRef = 3BFC7755224489A600794E98 /* OneViewController.xib */; };
		3BFC776D224489A600794E98 /* TabBarController.m in Sources */ = {isa = PBXBuildFile; fileRef = 3BFC7757224489A600794E98 /* TabBarController.m */; };
		3BFC776E224489A600794E98 /* AppDelegate.m in Sources */ = {isa = PBXBuildFile; fileRef = 3BFC775A224489A600794E98 /* AppDelegate.m */; };
		3BFC776F224489A600794E98 /* HFNavigationController.m in Sources */ = {isa = PBXBuildFile; fileRef = 3BFC775D224489A600794E98 /* HFNavigationController.m */; };
		3BFC7770224489A600794E98 /* HFNavigationController.swift in Sources */ = {isa = PBXBuildFile; fileRef = 3BFC7761224489A600794E98 /* HFNavigationController.swift */; };
		E339CF9B1CE2D7B80074DB9A /* HFNavigationControllerTests.m in Sources */ = {isa = PBXBuildFile; fileRef = E339CF9A1CE2D7B80074DB9A /* HFNavigationControllerTests.m */; };
		E339CFA61CE2D7B80074DB9A /* HFNavigationControllerUITests.m in Sources */ = {isa = PBXBuildFile; fileRef = E339CFA51CE2D7B80074DB9A /* HFNavigationControllerUITests.m */; };
/* End PBXBuildFile section */

/* Begin PBXContainerItemProxy section */
		E339CF971CE2D7B80074DB9A /* PBXContainerItemProxy */ = {
			isa = PBXContainerItemProxy;
			containerPortal = E339CF751CE2D7B80074DB9A /* Project object */;
			proxyType = 1;
			remoteGlobalIDString = E339CF7C1CE2D7B80074DB9A;
			remoteInfo = HFNavigationController;
		};
		E339CFA21CE2D7B80074DB9A /* PBXContainerItemProxy */ = {
			isa = PBXContainerItemProxy;
			containerPortal = E339CF751CE2D7B80074DB9A /* Project object */;
			proxyType = 1;
			remoteGlobalIDString = E339CF7C1CE2D7B80074DB9A;
			remoteInfo = HFNavigationController;
		};
/* End PBXContainerItemProxy section */

/* Begin PBXFileReference section */
		3BFC7744224489A600794E98 /* TwoViewController.xib */ = {isa = PBXFileReference; fileEncoding = 4; lastKnownFileType = file.xib; path = TwoViewController.xib; sourceTree = "<group>"; };
		3BFC7745224489A600794E98 /* TwoViewController.m */ = {isa = PBXFileReference; fileEncoding = 4; lastKnownFileType = sourcecode.c.objc; path = TwoViewController.m; sourceTree = "<group>"; };
		3BFC7746224489A600794E98 /* TwoViewController.h */ = {isa = PBXFileReference; fileEncoding = 4; lastKnownFileType = sourcecode.c.h; path = TwoViewController.h; sourceTree = "<group>"; };
		3BFC7748224489A600794E98 /* Assets.xcassets */ = {isa = PBXFileReference; lastKnownFileType = folder.assetcatalog; path = Assets.xcassets; sourceTree = "<group>"; };
		3BFC774A224489A600794E98 /* Base */ = {isa = PBXFileReference; lastKnownFileType = file.storyboard; name = Base; path = Base.lproj/LaunchScreen.storyboard; sourceTree = "<group>"; };
		3BFC774C224489A600794E98 /* Base */ = {isa = PBXFileReference; lastKnownFileType = file.storyboard; name = Base; path = Base.lproj/Main.storyboard; sourceTree = "<group>"; };
		3BFC774D224489A600794E98 /* main.m */ = {isa = PBXFileReference; fileEncoding = 4; lastKnownFileType = sourcecode.c.objc; path = main.m; sourceTree = "<group>"; };
		3BFC774E224489A600794E98 /* Info.plist */ = {isa = PBXFileReference; fileEncoding = 4; lastKnownFileType = text.plist.xml; path = Info.plist; sourceTree = "<group>"; };
		3BFC7750224489A600794E98 /* OnePushViewController.m */ = {isa = PBXFileReference; fileEncoding = 4; lastKnownFileType = sourcecode.c.objc; path = OnePushViewController.m; sourceTree = "<group>"; };
		3BFC7751224489A600794E98 /* OneViewController.m */ = {isa = PBXFileReference; fileEncoding = 4; lastKnownFileType = sourcecode.c.objc; path = OneViewController.m; sourceTree = "<group>"; };
		3BFC7752224489A600794E98 /* OnePushViewController.xib */ = {isa = PBXFileReference; fileEncoding = 4; lastKnownFileType = file.xib; path = OnePushViewController.xib; sourceTree = "<group>"; };
		3BFC7753224489A600794E98 /* OnePushViewController.h */ = {isa = PBXFileReference; fileEncoding = 4; lastKnownFileType = sourcecode.c.h; path = OnePushViewController.h; sourceTree = "<group>"; };
		3BFC7754224489A600794E98 /* OneViewController.h */ = {isa = PBXFileReference; fileEncoding = 4; lastKnownFileType = sourcecode.c.h; path = OneViewController.h; sourceTree = "<group>"; };
		3BFC7755224489A600794E98 /* OneViewController.xib */ = {isa = PBXFileReference; fileEncoding = 4; lastKnownFileType = file.xib; path = OneViewController.xib; sourceTree = "<group>"; };
		3BFC7757224489A600794E98 /* TabBarController.m */ = {isa = PBXFileReference; fileEncoding = 4; lastKnownFileType = sourcecode.c.objc; path = TabBarController.m; sourceTree = "<group>"; };
		3BFC7758224489A600794E98 /* AppDelegate.h */ = {isa = PBXFileReference; fileEncoding = 4; lastKnownFileType = sourcecode.c.h; path = AppDelegate.h; sourceTree = "<group>"; };
		3BFC7759224489A600794E98 /* TabBarController.h */ = {isa = PBXFileReference; fileEncoding = 4; lastKnownFileType = sourcecode.c.h; path = TabBarController.h; sourceTree = "<group>"; };
		3BFC775A224489A600794E98 /* AppDelegate.m */ = {isa = PBXFileReference; fileEncoding = 4; lastKnownFileType = sourcecode.c.objc; path = AppDelegate.m; sourceTree = "<group>"; };
		3BFC775D224489A600794E98 /* HFNavigationController.m */ = {isa = PBXFileReference; fileEncoding = 4; lastKnownFileType = sourcecode.c.objc; path = HFNavigationController.m; sourceTree = "<group>"; };
		3BFC775E224489A600794E98 /* HFNavigationController.h */ = {isa = PBXFileReference; fileEncoding = 4; lastKnownFileType = sourcecode.c.h; path = HFNavigationController.h; sourceTree = "<group>"; };
		3BFC7760224489A600794E98 /* HFNavigationController-Bridging-Header.h */ = {isa = PBXFileReference; fileEncoding = 4; lastKnownFileType = sourcecode.c.h; path = "HFNavigationController-Bridging-Header.h"; sourceTree = "<group>"; };
		3BFC7761224489A600794E98 /* HFNavigationController.swift */ = {isa = PBXFileReference; fileEncoding = 4; lastKnownFileType = sourcecode.swift; path = HFNavigationController.swift; sourceTree = "<group>"; };
		E339CF7D1CE2D7B80074DB9A /* HFNavigationController.app */ = {isa = PBXFileReference; explicitFileType = wrapper.application; includeInIndex = 0; path = HFNavigationController.app; sourceTree = BUILT_PRODUCTS_DIR; };
		E339CF961CE2D7B80074DB9A /* HFNavigationControllerTests.xctest */ = {isa = PBXFileReference; explicitFileType = wrapper.cfbundle; includeInIndex = 0; path = HFNavigationControllerTests.xctest; sourceTree = BUILT_PRODUCTS_DIR; };
		E339CF9A1CE2D7B80074DB9A /* HFNavigationControllerTests.m */ = {isa = PBXFileReference; lastKnownFileType = sourcecode.c.objc; path = HFNavigationControllerTests.m; sourceTree = "<group>"; };
		E339CF9C1CE2D7B80074DB9A /* Info.plist */ = {isa = PBXFileReference; lastKnownFileType = text.plist.xml; path = Info.plist; sourceTree = "<group>"; };
		E339CFA11CE2D7B80074DB9A /* HFNavigationControllerUITests.xctest */ = {isa = PBXFileReference; explicitFileType = wrapper.cfbundle; includeInIndex = 0; path = HFNavigationControllerUITests.xctest; sourceTree = BUILT_PRODUCTS_DIR; };
		E339CFA51CE2D7B80074DB9A /* HFNavigationControllerUITests.m */ = {isa = PBXFileReference; lastKnownFileType = sourcecode.c.objc; path = HFNavigationControllerUITests.m; sourceTree = "<group>"; };
		E339CFA71CE2D7B80074DB9A /* Info.plist */ = {isa = PBXFileReference; lastKnownFileType = text.plist.xml; path = Info.plist; sourceTree = "<group>"; };
/* End PBXFileReference section */

/* Begin PBXFrameworksBuildPhase section */
		E339CF7A1CE2D7B80074DB9A /* Frameworks */ = {
			isa = PBXFrameworksBuildPhase;
			buildActionMask = 2147483647;
			files = (
			);
			runOnlyForDeploymentPostprocessing = 0;
		};
		E339CF931CE2D7B80074DB9A /* Frameworks */ = {
			isa = PBXFrameworksBuildPhase;
			buildActionMask = 2147483647;
			files = (
			);
			runOnlyForDeploymentPostprocessing = 0;
		};
		E339CF9E1CE2D7B80074DB9A /* Frameworks */ = {
			isa = PBXFrameworksBuildPhase;
			buildActionMask = 2147483647;
			files = (
			);
			runOnlyForDeploymentPostprocessing = 0;
		};
/* End PBXFrameworksBuildPhase section */

/* Begin PBXGroup section */
		3BFC7743224489A600794E98 /* Second */ = {
			isa = PBXGroup;
			children = (
				3BFC7746224489A600794E98 /* TwoViewController.h */,
				3BFC7745224489A600794E98 /* TwoViewController.m */,
				3BFC7744224489A600794E98 /* TwoViewController.xib */,
			);
			path = Second;
			sourceTree = "<group>";
		};
		3BFC7747224489A600794E98 /* Supporting Files */ = {
			isa = PBXGroup;
			children = (
				3BFC774E224489A600794E98 /* Info.plist */,
				3BFC7749224489A600794E98 /* LaunchScreen.storyboard */,
				3BFC774B224489A600794E98 /* Main.storyboard */,
				3BFC774D224489A600794E98 /* main.m */,
				3BFC7748224489A600794E98 /* Assets.xcassets */,
			);
			path = "Supporting Files";
			sourceTree = "<group>";
		};
		3BFC774F224489A600794E98 /* First */ = {
			isa = PBXGroup;
			children = (
				3BFC7755224489A600794E98 /* OneViewController.xib */,
				3BFC7754224489A600794E98 /* OneViewController.h */,
				3BFC7751224489A600794E98 /* OneViewController.m */,
				3BFC7753224489A600794E98 /* OnePushViewController.h */,
				3BFC7750224489A600794E98 /* OnePushViewController.m */,
				3BFC7752224489A600794E98 /* OnePushViewController.xib */,
			);
			path = First;
			sourceTree = "<group>";
		};
		3BFC7756224489A600794E98 /* Main */ = {
			isa = PBXGroup;
			children = (
				3BFC7758224489A600794E98 /* AppDelegate.h */,
				3BFC775A224489A600794E98 /* AppDelegate.m */,
				3BFC7759224489A600794E98 /* TabBarController.h */,
				3BFC7757224489A600794E98 /* TabBarController.m */,
			);
			path = Main;
			sourceTree = "<group>";
		};
		3BFC775B224489A600794E98 /* HFNavigationController */ = {
			isa = PBXGroup;
			children = (
				3BFC775C224489A600794E98 /* oc */,
				3BFC775F224489A600794E98 /* swift */,
			);
			path = HFNavigationController;
			sourceTree = "<group>";
		};
		3BFC775C224489A600794E98 /* oc */ = {
			isa = PBXGroup;
			children = (
				3BFC775E224489A600794E98 /* HFNavigationController.h */,
				3BFC775D224489A600794E98 /* HFNavigationController.m */,
			);
			path = oc;
			sourceTree = "<group>";
		};
		3BFC775F224489A600794E98 /* swift */ = {
			isa = PBXGroup;
			children = (
				3BFC7760224489A600794E98 /* HFNavigationController-Bridging-Header.h */,
				3BFC7761224489A600794E98 /* HFNavigationController.swift */,
			);
			path = swift;
			sourceTree = "<group>";
		};
		E339CF741CE2D7B80074DB9A = {
			isa = PBXGroup;
			children = (
				E339CF7F1CE2D7B80074DB9A /* HFNavigationController */,
				E339CF991CE2D7B80074DB9A /* HFNavigationControllerTests */,
				E339CFA41CE2D7B80074DB9A /* HFNavigationControllerUITests */,
				E339CF7E1CE2D7B80074DB9A /* Products */,
			);
			sourceTree = "<group>";
		};
		E339CF7E1CE2D7B80074DB9A /* Products */ = {
			isa = PBXGroup;
			children = (
				E339CF7D1CE2D7B80074DB9A /* HFNavigationController.app */,
				E339CF961CE2D7B80074DB9A /* HFNavigationControllerTests.xctest */,
				E339CFA11CE2D7B80074DB9A /* HFNavigationControllerUITests.xctest */,
			);
			name = Products;
			sourceTree = "<group>";
		};
		E339CF7F1CE2D7B80074DB9A /* HFNavigationController */ = {
			isa = PBXGroup;
			children = (
				3BFC775B224489A600794E98 /* HFNavigationController */,
				3BFC774F224489A600794E98 /* First */,
				3BFC7756224489A600794E98 /* Main */,
				3BFC7743224489A600794E98 /* Second */,
				3BFC7747224489A600794E98 /* Supporting Files */,
			);
			path = HFNavigationController;
			sourceTree = "<group>";
		};
		E339CF991CE2D7B80074DB9A /* HFNavigationControllerTests */ = {
			isa = PBXGroup;
			children = (
				E339CF9A1CE2D7B80074DB9A /* HFNavigationControllerTests.m */,
				E339CF9C1CE2D7B80074DB9A /* Info.plist */,
			);
			path = HFNavigationControllerTests;
			sourceTree = "<group>";
		};
		E339CFA41CE2D7B80074DB9A /* HFNavigationControllerUITests */ = {
			isa = PBXGroup;
			children = (
				E339CFA51CE2D7B80074DB9A /* HFNavigationControllerUITests.m */,
				E339CFA71CE2D7B80074DB9A /* Info.plist */,
			);
			path = HFNavigationControllerUITests;
			sourceTree = "<group>";
		};
/* End PBXGroup section */

/* Begin PBXNativeTarget section */
		E339CF7C1CE2D7B80074DB9A /* HFNavigationController */ = {
			isa = PBXNativeTarget;
			buildConfigurationList = E339CFAA1CE2D7B90074DB9A /* Build configuration list for PBXNativeTarget "HFNavigationController" */;
			buildPhases = (
				E339CF791CE2D7B80074DB9A /* Sources */,
				E339CF7A1CE2D7B80074DB9A /* Frameworks */,
				E339CF7B1CE2D7B80074DB9A /* Resources */,
			);
			buildRules = (
			);
			dependencies = (
			);
			name = HFNavigationController;
			productName = HFNavigationController;
			productReference = E339CF7D1CE2D7B80074DB9A /* HFNavigationController.app */;
			productType = "com.apple.product-type.application";
		};
		E339CF951CE2D7B80074DB9A /* HFNavigationControllerTests */ = {
			isa = PBXNativeTarget;
			buildConfigurationList = E339CFAD1CE2D7B90074DB9A /* Build configuration list for PBXNativeTarget "HFNavigationControllerTests" */;
			buildPhases = (
				E339CF921CE2D7B80074DB9A /* Sources */,
				E339CF931CE2D7B80074DB9A /* Frameworks */,
				E339CF941CE2D7B80074DB9A /* Resources */,
			);
			buildRules = (
			);
			dependencies = (
				E339CF981CE2D7B80074DB9A /* PBXTargetDependency */,
			);
			name = HFNavigationControllerTests;
			productName = HFNavigationControllerTests;
			productReference = E339CF961CE2D7B80074DB9A /* HFNavigationControllerTests.xctest */;
			productType = "com.apple.product-type.bundle.unit-test";
		};
		E339CFA01CE2D7B80074DB9A /* HFNavigationControllerUITests */ = {
			isa = PBXNativeTarget;
			buildConfigurationList = E339CFB01CE2D7B90074DB9A /* Build configuration list for PBXNativeTarget "HFNavigationControllerUITests" */;
			buildPhases = (
				E339CF9D1CE2D7B80074DB9A /* Sources */,
				E339CF9E1CE2D7B80074DB9A /* Frameworks */,
				E339CF9F1CE2D7B80074DB9A /* Resources */,
			);
			buildRules = (
			);
			dependencies = (
				E339CFA31CE2D7B80074DB9A /* PBXTargetDependency */,
			);
			name = HFNavigationControllerUITests;
			productName = HFNavigationControllerUITests;
			productReference = E339CFA11CE2D7B80074DB9A /* HFNavigationControllerUITests.xctest */;
			productType = "com.apple.product-type.bundle.ui-testing";
		};
/* End PBXNativeTarget section */

/* Begin PBXProject section */
		E339CF751CE2D7B80074DB9A /* Project object */ = {
			isa = PBXProject;
			attributes = {
				LastUpgradeCheck = 1010;
				ORGANIZATIONNAME = xuhongfei;
				TargetAttributes = {
					E339CF7C1CE2D7B80074DB9A = {
						CreatedOnToolsVersion = 7.3;
						DevelopmentTeam = R8AFL68W3V;
						LastSwiftMigration = 1010;
					};
					E339CF951CE2D7B80074DB9A = {
						CreatedOnToolsVersion = 7.3;
						TestTargetID = E339CF7C1CE2D7B80074DB9A;
					};
					E339CFA01CE2D7B80074DB9A = {
						CreatedOnToolsVersion = 7.3;
						TestTargetID = E339CF7C1CE2D7B80074DB9A;
					};
				};
			};
			buildConfigurationList = E339CF781CE2D7B80074DB9A /* Build configuration list for PBXProject "HFNavigationController" */;
			compatibilityVersion = "Xcode 3.2";
			developmentRegion = English;
			hasScannedForEncodings = 0;
			knownRegions = (
				en,
				Base,
			);
			mainGroup = E339CF741CE2D7B80074DB9A;
			productRefGroup = E339CF7E1CE2D7B80074DB9A /* Products */;
			projectDirPath = "";
			projectRoot = "";
			targets = (
				E339CF7C1CE2D7B80074DB9A /* HFNavigationController */,
				E339CF951CE2D7B80074DB9A /* HFNavigationControllerTests */,
				E339CFA01CE2D7B80074DB9A /* HFNavigationControllerUITests */,
			);
		};
/* End PBXProject section */

/* Begin PBXResourcesBuildPhase section */
		E339CF7B1CE2D7B80074DB9A /* Resources */ = {
			isa = PBXResourcesBuildPhase;
			buildActionMask = 2147483647;
			files = (
				3BFC7765224489A600794E98 /* LaunchScreen.storyboard in Resources */,
				3BFC776B224489A600794E98 /* OnePushViewController.xib in Resources */,
				3BFC7764224489A600794E98 /* Assets.xcassets in Resources */,
				3BFC7762224489A600794E98 /* TwoViewController.xib in Resources */,
				3BFC776C224489A600794E98 /* OneViewController.xib in Resources */,
				3BFC7766224489A600794E98 /* Main.storyboard in Resources */,
			);
			runOnlyForDeploymentPostprocessing = 0;
		};
		E339CF941CE2D7B80074DB9A /* Resources */ = {
			isa = PBXResourcesBuildPhase;
			buildActionMask = 2147483647;
			files = (
			);
			runOnlyForDeploymentPostprocessing = 0;
		};
		E339CF9F1CE2D7B80074DB9A /* Resources */ = {
			isa = PBXResourcesBuildPhase;
			buildActionMask = 2147483647;
			files = (
			);
			runOnlyForDeploymentPostprocessing = 0;
		};
/* End PBXResourcesBuildPhase section */

/* Begin PBXSourcesBuildPhase section */
		E339CF791CE2D7B80074DB9A /* Sources */ = {
			isa = PBXSourcesBuildPhase;
			buildActionMask = 2147483647;
			files = (
				3BFC7767224489A600794E98 /* main.m in Sources */,
				3BFC7770224489A600794E98 /* HFNavigationController.swift in Sources */,
				3BFC7763224489A600794E98 /* TwoViewController.m in Sources */,
				3BFC776F224489A600794E98 /* HFNavigationController.m in Sources */,
				3BFC776E224489A600794E98 /* AppDelegate.m in Sources */,
				3BFC776D224489A600794E98 /* TabBarController.m in Sources */,
				3BFC7769224489A600794E98 /* OnePushViewController.m in Sources */,
				3BFC776A224489A600794E98 /* OneViewController.m in Sources */,
			);
			runOnlyForDeploymentPostprocessing = 0;
		};
		E339CF921CE2D7B80074DB9A /* Sources */ = {
			isa = PBXSourcesBuildPhase;
			buildActionMask = 2147483647;
			files = (
				E339CF9B1CE2D7B80074DB9A /* HFNavigationControllerTests.m in Sources */,
			);
			runOnlyForDeploymentPostprocessing = 0;
		};
		E339CF9D1CE2D7B80074DB9A /* Sources */ = {
			isa = PBXSourcesBuildPhase;
			buildActionMask = 2147483647;
			files = (
				E339CFA61CE2D7B80074DB9A /* HFNavigationControllerUITests.m in Sources */,
			);
			runOnlyForDeploymentPostprocessing = 0;
		};
/* End PBXSourcesBuildPhase section */

/* Begin PBXTargetDependency section */
		E339CF981CE2D7B80074DB9A /* PBXTargetDependency */ = {
			isa = PBXTargetDependency;
			target = E339CF7C1CE2D7B80074DB9A /* HFNavigationController */;
			targetProxy = E339CF971CE2D7B80074DB9A /* PBXContainerItemProxy */;
		};
		E339CFA31CE2D7B80074DB9A /* PBXTargetDependency */ = {
			isa = PBXTargetDependency;
			target = E339CF7C1CE2D7B80074DB9A /* HFNavigationController */;
			targetProxy = E339CFA21CE2D7B80074DB9A /* PBXContainerItemProxy */;
		};
/* End PBXTargetDependency section */

/* Begin PBXVariantGroup section */
		3BFC7749224489A600794E98 /* LaunchScreen.storyboard */ = {
			isa = PBXVariantGroup;
			children = (
				3BFC774A224489A600794E98 /* Base */,
			);
			name = LaunchScreen.storyboard;
			sourceTree = "<group>";
		};
		3BFC774B224489A600794E98 /* Main.storyboard */ = {
			isa = PBXVariantGroup;
			children = (
				3BFC774C224489A600794E98 /* Base */,
			);
			name = Main.storyboard;
			sourceTree = "<group>";
		};
/* End PBXVariantGroup section */

/* Begin XCBuildConfiguration section */
		E339CFA81CE2D7B90074DB9A /* Debug */ = {
			isa = XCBuildConfiguration;
			buildSettings = {
				ALWAYS_SEARCH_USER_PATHS = NO;
				CLANG_ANALYZER_NONNULL = YES;
				CLANG_CXX_LANGUAGE_STANDARD = "gnu++0x";
				CLANG_CXX_LIBRARY = "libc++";
				CLANG_ENABLE_MODULES = YES;
				CLANG_ENABLE_OBJC_ARC = YES;
				CLANG_WARN_BLOCK_CAPTURE_AUTORELEASING = YES;
				CLANG_WARN_BOOL_CONVERSION = YES;
				CLANG_WARN_COMMA = YES;
				CLANG_WARN_CONSTANT_CONVERSION = YES;
				CLANG_WARN_DEPRECATED_OBJC_IMPLEMENTATIONS = YES;
				CLANG_WARN_DIRECT_OBJC_ISA_USAGE = YES_ERROR;
				CLANG_WARN_EMPTY_BODY = YES;
				CLANG_WARN_ENUM_CONVERSION = YES;
				CLANG_WARN_INFINITE_RECURSION = YES;
				CLANG_WARN_INT_CONVERSION = YES;
				CLANG_WARN_NON_LITERAL_NULL_CONVERSION = YES;
				CLANG_WARN_OBJC_IMPLICIT_RETAIN_SELF = YES;
				CLANG_WARN_OBJC_LITERAL_CONVERSION = YES;
				CLANG_WARN_OBJC_ROOT_CLASS = YES_ERROR;
				CLANG_WARN_RANGE_LOOP_ANALYSIS = YES;
				CLANG_WARN_STRICT_PROTOTYPES = YES;
				CLANG_WARN_SUSPICIOUS_MOVE = YES;
				CLANG_WARN_UNREACHABLE_CODE = YES;
				CLANG_WARN__DUPLICATE_METHOD_MATCH = YES;
				"CODE_SIGN_IDENTITY[sdk=iphoneos*]" = "iPhone Developer";
				COPY_PHASE_STRIP = NO;
				DEBUG_INFORMATION_FORMAT = dwarf;
				ENABLE_STRICT_OBJC_MSGSEND = YES;
				ENABLE_TESTABILITY = YES;
				GCC_C_LANGUAGE_STANDARD = gnu99;
				GCC_DYNAMIC_NO_PIC = NO;
				GCC_NO_COMMON_BLOCKS = YES;
				GCC_OPTIMIZATION_LEVEL = 0;
				GCC_PREPROCESSOR_DEFINITIONS = (
					"DEBUG=1",
					"$(inherited)",
				);
				GCC_WARN_64_TO_32_BIT_CONVERSION = YES;
				GCC_WARN_ABOUT_RETURN_TYPE = YES_ERROR;
				GCC_WARN_UNDECLARED_SELECTOR = YES;
				GCC_WARN_UNINITIALIZED_AUTOS = YES_AGGRESSIVE;
				GCC_WARN_UNUSED_FUNCTION = YES;
				GCC_WARN_UNUSED_VARIABLE = YES;
				IPHONEOS_DEPLOYMENT_TARGET = 9.3;
				MTL_ENABLE_DEBUG_INFO = YES;
				ONLY_ACTIVE_ARCH = YES;
				SDKROOT = iphoneos;
				TARGETED_DEVICE_FAMILY = "1,2";
			};
			name = Debug;
		};
		E339CFA91CE2D7B90074DB9A /* Release */ = {
			isa = XCBuildConfiguration;
			buildSettings = {
				ALWAYS_SEARCH_USER_PATHS = NO;
				CLANG_ANALYZER_NONNULL = YES;
				CLANG_CXX_LANGUAGE_STANDARD = "gnu++0x";
				CLANG_CXX_LIBRARY = "libc++";
				CLANG_ENABLE_MODULES = YES;
				CLANG_ENABLE_OBJC_ARC = YES;
				CLANG_WARN_BLOCK_CAPTURE_AUTORELEASING = YES;
				CLANG_WARN_BOOL_CONVERSION = YES;
				CLANG_WARN_COMMA = YES;
				CLANG_WARN_CONSTANT_CONVERSION = YES;
				CLANG_WARN_DEPRECATED_OBJC_IMPLEMENTATIONS = YES;
				CLANG_WARN_DIRECT_OBJC_ISA_USAGE = YES_ERROR;
				CLANG_WARN_EMPTY_BODY = YES;
				CLANG_WARN_ENUM_CONVERSION = YES;
				CLANG_WARN_INFINITE_RECURSION = YES;
				CLANG_WARN_INT_CONVERSION = YES;
				CLANG_WARN_NON_LITERAL_NULL_CONVERSION = YES;
				CLANG_WARN_OBJC_IMPLICIT_RETAIN_SELF = YES;
				CLANG_WARN_OBJC_LITERAL_CONVERSION = YES;
				CLANG_WARN_OBJC_ROOT_CLASS = YES_ERROR;
				CLANG_WARN_RANGE_LOOP_ANALYSIS = YES;
				CLANG_WARN_STRICT_PROTOTYPES = YES;
				CLANG_WARN_SUSPICIOUS_MOVE = YES;
				CLANG_WARN_UNREACHABLE_CODE = YES;
				CLANG_WARN__DUPLICATE_METHOD_MATCH = YES;
				"CODE_SIGN_IDENTITY[sdk=iphoneos*]" = "iPhone Developer";
				COPY_PHASE_STRIP = NO;
				DEBUG_INFORMATION_FORMAT = "dwarf-with-dsym";
				ENABLE_NS_ASSERTIONS = NO;
				ENABLE_STRICT_OBJC_MSGSEND = YES;
				GCC_C_LANGUAGE_STANDARD = gnu99;
				GCC_NO_COMMON_BLOCKS = YES;
				GCC_WARN_64_TO_32_BIT_CONVERSION = YES;
				GCC_WARN_ABOUT_RETURN_TYPE = YES_ERROR;
				GCC_WARN_UNDECLARED_SELECTOR = YES;
				GCC_WARN_UNINITIALIZED_AUTOS = YES_AGGRESSIVE;
				GCC_WARN_UNUSED_FUNCTION = YES;
				GCC_WARN_UNUSED_VARIABLE = YES;
				IPHONEOS_DEPLOYMENT_TARGET = 9.3;
				MTL_ENABLE_DEBUG_INFO = NO;
				SDKROOT = iphoneos;
				SWIFT_COMPILATION_MODE = wholemodule;
				TARGETED_DEVICE_FAMILY = "1,2";
				VALIDATE_PRODUCT = YES;
			};
			name = Release;
		};
		E339CFAB1CE2D7B90074DB9A /* Debug */ = {
			isa = XCBuildConfiguration;
			buildSettings = {
				ASSETCATALOG_COMPILER_APPICON_NAME = AppIcon;
				CLANG_ENABLE_MODULES = YES;
				CODE_SIGN_IDENTITY = "iPhone Developer";
				"CODE_SIGN_IDENTITY[sdk=iphoneos*]" = "iPhone Developer";
				INFOPLIST_FILE = "$(SRCROOT)/HFNavigationController/Supporting Files/Info.plist";
				LD_RUNPATH_SEARCH_PATHS = "$(inherited) @executable_path/Frameworks";
				PRODUCT_BUNDLE_IDENTIFIER = xuhongfei.HFNavigationController;
				PRODUCT_NAME = "$(TARGET_NAME)";
				PROVISIONING_PROFILE = "";
				SWIFT_OBJC_BRIDGING_HEADER = "HFNavigationController/HFNavigationController/swift/HFNavigationController-Bridging-Header.h";
				SWIFT_OPTIMIZATION_LEVEL = "-Onone";
				SWIFT_VERSION = 4.2;
			};
			name = Debug;
		};
		E339CFAC1CE2D7B90074DB9A /* Release */ = {
			isa = XCBuildConfiguration;
			buildSettings = {
				ASSETCATALOG_COMPILER_APPICON_NAME = AppIcon;
				CLANG_ENABLE_MODULES = YES;
				CODE_SIGN_IDENTITY = "iPhone Developer";
				"CODE_SIGN_IDENTITY[sdk=iphoneos*]" = "iPhone Developer";
				INFOPLIST_FILE = "$(SRCROOT)/HFNavigationController/Supporting Files/Info.plist";
				LD_RUNPATH_SEARCH_PATHS = "$(inherited) @executable_path/Frameworks";
				PRODUCT_BUNDLE_IDENTIFIER = xuhongfei.HFNavigationController;
				PRODUCT_NAME = "$(TARGET_NAME)";
				PROVISIONING_PROFILE = "";
				SWIFT_OBJC_BRIDGING_HEADER = "HFNavigationController/HFNavigationController/swift/HFNavigationController-Bridging-Header.h";
				SWIFT_VERSION = 4.2;
			};
			name = Release;
		};
		E339CFAE1CE2D7B90074DB9A /* Debug */ = {
			isa = XCBuildConfiguration;
			buildSettings = {
				ALWAYS_EMBED_SWIFT_STANDARD_LIBRARIES = YES;
				BUNDLE_LOADER = "$(TEST_HOST)";
				INFOPLIST_FILE = HFNavigationControllerTests/Info.plist;
				LD_RUNPATH_SEARCH_PATHS = "$(inherited) @executable_path/Frameworks @loader_path/Frameworks";
				PRODUCT_BUNDLE_IDENTIFIER = xuhongfei.HFNavigationControllerTests;
				PRODUCT_NAME = "$(TARGET_NAME)";
				TEST_HOST = "$(BUILT_PRODUCTS_DIR)/HFNavigationController.app/HFNavigationController";
			};
			name = Debug;
		};
		E339CFAF1CE2D7B90074DB9A /* Release */ = {
			isa = XCBuildConfiguration;
			buildSettings = {
				ALWAYS_EMBED_SWIFT_STANDARD_LIBRARIES = YES;
				BUNDLE_LOADER = "$(TEST_HOST)";
				INFOPLIST_FILE = HFNavigationControllerTests/Info.plist;
				LD_RUNPATH_SEARCH_PATHS = "$(inherited) @executable_path/Frameworks @loader_path/Frameworks";
				PRODUCT_BUNDLE_IDENTIFIER = xuhongfei.HFNavigationControllerTests;
				PRODUCT_NAME = "$(TARGET_NAME)";
				TEST_HOST = "$(BUILT_PRODUCTS_DIR)/HFNavigationController.app/HFNavigationController";
			};
			name = Release;
		};
		E339CFB11CE2D7B90074DB9A /* Debug */ = {
			isa = XCBuildConfiguration;
			buildSettings = {
				ALWAYS_EMBED_SWIFT_STANDARD_LIBRARIES = YES;
				INFOPLIST_FILE = HFNavigationControllerUITests/Info.plist;
				LD_RUNPATH_SEARCH_PATHS = "$(inherited) @executable_path/Frameworks @loader_path/Frameworks";
				PRODUCT_BUNDLE_IDENTIFIER = xuhongfei.HFNavigationControllerUITests;
				PRODUCT_NAME = "$(TARGET_NAME)";
				TEST_TARGET_NAME = HFNavigationController;
			};
			name = Debug;
		};
		E339CFB21CE2D7B90074DB9A /* Release */ = {
			isa = XCBuildConfiguration;
			buildSettings = {
				ALWAYS_EMBED_SWIFT_STANDARD_LIBRARIES = YES;
				INFOPLIST_FILE = HFNavigationControllerUITests/Info.plist;
				LD_RUNPATH_SEARCH_PATHS = "$(inherited) @executable_path/Frameworks @loader_path/Frameworks";
				PRODUCT_BUNDLE_IDENTIFIER = xuhongfei.HFNavigationControllerUITests;
				PRODUCT_NAME = "$(TARGET_NAME)";
				TEST_TARGET_NAME = HFNavigationController;
			};
			name = Release;
		};
/* End XCBuildConfiguration section */

/* Begin XCConfigurationList section */
		E339CF781CE2D7B80074DB9A /* Build configuration list for PBXProject "HFNavigationController" */ = {
			isa = XCConfigurationList;
			buildConfigurations = (
				E339CFA81CE2D7B90074DB9A /* Debug */,
				E339CFA91CE2D7B90074DB9A /* Release */,
			);
			defaultConfigurationIsVisible = 0;
			defaultConfigurationName = Release;
		};
		E339CFAA1CE2D7B90074DB9A /* Build configuration list for PBXNativeTarget "HFNavigationController" */ = {
			isa = XCConfigurationList;
			buildConfigurations = (
				E339CFAB1CE2D7B90074DB9A /* Debug */,
				E339CFAC1CE2D7B90074DB9A /* Release */,
			);
			defaultConfigurationIsVisible = 0;
			defaultConfigurationName = Release;
		};
		E339CFAD1CE2D7B90074DB9A /* Build configuration list for PBXNativeTarget "HFNavigationControllerTests" */ = {
			isa = XCConfigurationList;
			buildConfigurations = (
				E339CFAE1CE2D7B90074DB9A /* Debug */,
				E339CFAF1CE2D7B90074DB9A /* Release */,
			);
			defaultConfigurationIsVisible = 0;
			defaultConfigurationName = Release;
		};
		E339CFB01CE2D7B90074DB9A /* Build configuration list for PBXNativeTarget "HFNavigationControllerUITests" */ = {
			isa = XCConfigurationList;
			buildConfigurations = (
				E339CFB11CE2D7B90074DB9A /* Debug */,
				E339CFB21CE2D7B90074DB9A /* Release */,
			);
			defaultConfigurationIsVisible = 0;
			defaultConfigurationName = Release;
		};
/* End XCConfigurationList section */
	};
	rootObject = E339CF751CE2D7B80074DB9A /* Project object */;
}
