// !$*UTF8*$!
{
	archiveVersion = 1;
	classes = {
	};
	objectVersion = 46;
	objects = {

/* Begin PBXBuildFile section */
		E339CF821CE2D7B80074DB9A /* main.m in Sources */ = {isa = PBXBuildFile; fileRef = E339CF811CE2D7B80074DB9A /* main.m */; };
		E339CF851CE2D7B80074DB9A /* AppDelegate.m in Sources */ = {isa = PBXBuildFile; fileRef = E339CF841CE2D7B80074DB9A /* AppDelegate.m */; };
		E339CF8D1CE2D7B80074DB9A /* Assets.xcassets in Resources */ = {isa = PBXBuildFile; fileRef = E339CF8C1CE2D7B80074DB9A /* Assets.xcassets */; };
		E339CF901CE2D7B80074DB9A /* LaunchScreen.storyboard in Resources */ = {isa = PBXBuildFile; fileRef = E339CF8E1CE2D7B80074DB9A /* LaunchScreen.storyboard */; };
		E339CF9B1CE2D7B80074DB9A /* HFNavigationControllerTests.m in Sources */ = {isa = PBXBuildFile; fileRef = E339CF9A1CE2D7B80074DB9A /* HFNavigationControllerTests.m */; };
		E339CFA61CE2D7B80074DB9A /* HFNavigationControllerUITests.m in Sources */ = {isa = PBXBuildFile; fileRef = E339CFA51CE2D7B80074DB9A /* HFNavigationControllerUITests.m */; };
		E339CFB61CE2DA9E0074DB9A /* TabBarController.m in Sources */ = {isa = PBXBuildFile; fileRef = E339CFB51CE2DA9E0074DB9A /* TabBarController.m */; };
		E339CFBA1CE2DCDC0074DB9A /* OneViewController.m in Sources */ = {isa = PBXBuildFile; fileRef = E339CFB81CE2DCDC0074DB9A /* OneViewController.m */; };
		E339CFBB1CE2DCDC0074DB9A /* OneViewController.xib in Resources */ = {isa = PBXBuildFile; fileRef = E339CFB91CE2DCDC0074DB9A /* OneViewController.xib */; };
		E339CFBF1CE2DCFB0074DB9A /* TwoViewController.m in Sources */ = {isa = PBXBuildFile; fileRef = E339CFBD1CE2DCFB0074DB9A /* TwoViewController.m */; };
		E339CFC01CE2DCFB0074DB9A /* TwoViewController.xib in Resources */ = {isa = PBXBuildFile; fileRef = E339CFBE1CE2DCFB0074DB9A /* TwoViewController.xib */; };
		E339CFC31CE2DDAA0074DB9A /* HFNavigationController.m in Sources */ = {isa = PBXBuildFile; fileRef = E339CFC21CE2DDAA0074DB9A /* HFNavigationController.m */; };
		E339CFCA1CE2E1550074DB9A /* OnePushViewController.m in Sources */ = {isa = PBXBuildFile; fileRef = E339CFC81CE2E1550074DB9A /* OnePushViewController.m */; };
		E339CFCB1CE2E1550074DB9A /* OnePushViewController.xib in Resources */ = {isa = PBXBuildFile; fileRef = E339CFC91CE2E1550074DB9A /* OnePushViewController.xib */; };
/* End PBXBuildFile section */

/* Begin PBXContainerItemProxy section */
		E339CF971CE2D7B80074DB9A /* PBXContainerItemProxy */ = {
			isa = PBXContainerItemProxy;
			containerPortal = E339CF751CE2D7B80074DB9A /* Project object */;
			proxyType = 1;
			remoteGlobalIDString = E339CF7C1CE2D7B80074DB9A;
			remoteInfo = HFNavigationController;
		};
		E339CFA21CE2D7B80074DB9A /* PBXContainerItemProxy */ = {
			isa = PBXContainerItemProxy;
			containerPortal = E339CF751CE2D7B80074DB9A /* Project object */;
			proxyType = 1;
			remoteGlobalIDString = E339CF7C1CE2D7B80074DB9A;
			remoteInfo = HFNavigationController;
		};
/* End PBXContainerItemProxy section */

/* Begin PBXFileReference section */
		E339CF7D1CE2D7B80074DB9A /* HFNavigationController.app */ = {isa = PBXFileReference; explicitFileType = wrapper.application; includeInIndex = 0; path = HFNavigationController.app; sourceTree = BUILT_PRODUCTS_DIR; };
		E339CF811CE2D7B80074DB9A /* main.m */ = {isa = PBXFileReference; lastKnownFileType = sourcecode.c.objc; path = main.m; sourceTree = "<group>"; };
		E339CF831CE2D7B80074DB9A /* AppDelegate.h */ = {isa = PBXFileReference; lastKnownFileType = sourcecode.c.h; path = AppDelegate.h; sourceTree = "<group>"; };
		E339CF841CE2D7B80074DB9A /* AppDelegate.m */ = {isa = PBXFileReference; lastKnownFileType = sourcecode.c.objc; path = AppDelegate.m; sourceTree = "<group>"; };
		E339CF8C1CE2D7B80074DB9A /* Assets.xcassets */ = {isa = PBXFileReference; lastKnownFileType = folder.assetcatalog; path = Assets.xcassets; sourceTree = "<group>"; };
		E339CF8F1CE2D7B80074DB9A /* Base */ = {isa = PBXFileReference; lastKnownFileType = file.storyboard; name = Base; path = Base.lproj/LaunchScreen.storyboard; sourceTree = "<group>"; };
		E339CF911CE2D7B80074DB9A /* Info.plist */ = {isa = PBXFileReference; lastKnownFileType = text.plist.xml; path = Info.plist; sourceTree = "<group>"; };
		E339CF961CE2D7B80074DB9A /* HFNavigationControllerTests.xctest */ = {isa = PBXFileReference; explicitFileType = wrapper.cfbundle; includeInIndex = 0; path = HFNavigationControllerTests.xctest; sourceTree = BUILT_PRODUCTS_DIR; };
		E339CF9A1CE2D7B80074DB9A /* HFNavigationControllerTests.m */ = {isa = PBXFileReference; lastKnownFileType = sourcecode.c.objc; path = HFNavigationControllerTests.m; sourceTree = "<group>"; };
		E339CF9C1CE2D7B80074DB9A /* Info.plist */ = {isa = PBXFileReference; lastKnownFileType = text.plist.xml; path = Info.plist; sourceTree = "<group>"; };
		E339CFA11CE2D7B80074DB9A /* HFNavigationControllerUITests.xctest */ = {isa = PBXFileReference; explicitFileType = wrapper.cfbundle; includeInIndex = 0; path = HFNavigationControllerUITests.xctest; sourceTree = BUILT_PRODUCTS_DIR; };
		E339CFA51CE2D7B80074DB9A /* HFNavigationControllerUITests.m */ = {isa = PBXFileReference; lastKnownFileType = sourcecode.c.objc; path = HFNavigationControllerUITests.m; sourceTree = "<group>"; };
		E339CFA71CE2D7B80074DB9A /* Info.plist */ = {isa = PBXFileReference; lastKnownFileType = text.plist.xml; path = Info.plist; sourceTree = "<group>"; };
		E339CFB41CE2DA9E0074DB9A /* TabBarController.h */ = {isa = PBXFileReference; fileEncoding = 4; lastKnownFileType = sourcecode.c.h; path = TabBarController.h; sourceTree = "<group>"; };
		E339CFB51CE2DA9E0074DB9A /* TabBarController.m */ = {isa = PBXFileReference; fileEncoding = 4; lastKnownFileType = sourcecode.c.objc; path = TabBarController.m; sourceTree = "<group>"; };
		E339CFB71CE2DCDC0074DB9A /* OneViewController.h */ = {isa = PBXFileReference; fileEncoding = 4; lastKnownFileType = sourcecode.c.h; path = OneViewController.h; sourceTree = "<group>"; };
		E339CFB81CE2DCDC0074DB9A /* OneViewController.m */ = {isa = PBXFileReference; fileEncoding = 4; lastKnownFileType = sourcecode.c.objc; path = OneViewController.m; sourceTree = "<group>"; };
		E339CFB91CE2DCDC0074DB9A /* OneViewController.xib */ = {isa = PBXFileReference; fileEncoding = 4; lastKnownFileType = file.xib; path = OneViewController.xib; sourceTree = "<group>"; };
		E339CFBC1CE2DCFB0074DB9A /* TwoViewController.h */ = {isa = PBXFileReference; fileEncoding = 4; lastKnownFileType = sourcecode.c.h; path = TwoViewController.h; sourceTree = "<group>"; };
		E339CFBD1CE2DCFB0074DB9A /* TwoViewController.m */ = {isa = PBXFileReference; fileEncoding = 4; lastKnownFileType = sourcecode.c.objc; path = TwoViewController.m; sourceTree = "<group>"; };
		E339CFBE1CE2DCFB0074DB9A /* TwoViewController.xib */ = {isa = PBXFileReference; fileEncoding = 4; lastKnownFileType = file.xib; path = TwoViewController.xib; sourceTree = "<group>"; };
		E339CFC11CE2DDAA0074DB9A /* HFNavigationController.h */ = {isa = PBXFileReference; fileEncoding = 4; lastKnownFileType = sourcecode.c.h; path = HFNavigationController.h; sourceTree = "<group>"; };
		E339CFC21CE2DDAA0074DB9A /* HFNavigationController.m */ = {isa = PBXFileReference; fileEncoding = 4; lastKnownFileType = sourcecode.c.objc; path = HFNavigationController.m; sourceTree = "<group>"; };
		E339CFC71CE2E1550074DB9A /* OnePushViewController.h */ = {isa = PBXFileReference; fileEncoding = 4; lastKnownFileType = sourcecode.c.h; path = OnePushViewController.h; sourceTree = "<group>"; };
		E339CFC81CE2E1550074DB9A /* OnePushViewController.m */ = {isa = PBXFileReference; fileEncoding = 4; lastKnownFileType = sourcecode.c.objc; path = OnePushViewController.m; sourceTree = "<group>"; };
		E339CFC91CE2E1550074DB9A /* OnePushViewController.xib */ = {isa = PBXFileReference; fileEncoding = 4; lastKnownFileType = file.xib; path = OnePushViewController.xib; sourceTree = "<group>"; };
/* End PBXFileReference section */

/* Begin PBXFrameworksBuildPhase section */
		E339CF7A1CE2D7B80074DB9A /* Frameworks */ = {
			isa = PBXFrameworksBuildPhase;
			buildActionMask = 2147483647;
			files = (
			);
			runOnlyForDeploymentPostprocessing = 0;
		};
		E339CF931CE2D7B80074DB9A /* Frameworks */ = {
			isa = PBXFrameworksBuildPhase;
			buildActionMask = 2147483647;
			files = (
			);
			runOnlyForDeploymentPostprocessing = 0;
		};
		E339CF9E1CE2D7B80074DB9A /* Frameworks */ = {
			isa = PBXFrameworksBuildPhase;
			buildActionMask = 2147483647;
			files = (
			);
			runOnlyForDeploymentPostprocessing = 0;
		};
/* End PBXFrameworksBuildPhase section */

/* Begin PBXGroup section */
		E339CF741CE2D7B80074DB9A = {
			isa = PBXGroup;
			children = (
				E339CF7F1CE2D7B80074DB9A /* HFNavigationController */,
				E339CF991CE2D7B80074DB9A /* HFNavigationControllerTests */,
				E339CFA41CE2D7B80074DB9A /* HFNavigationControllerUITests */,
				E339CF7E1CE2D7B80074DB9A /* Products */,
			);
			sourceTree = "<group>";
		};
		E339CF7E1CE2D7B80074DB9A /* Products */ = {
			isa = PBXGroup;
			children = (
				E339CF7D1CE2D7B80074DB9A /* HFNavigationController.app */,
				E339CF961CE2D7B80074DB9A /* HFNavigationControllerTests.xctest */,
				E339CFA11CE2D7B80074DB9A /* HFNavigationControllerUITests.xctest */,
			);
			name = Products;
			sourceTree = "<group>";
		};
		E339CF7F1CE2D7B80074DB9A /* HFNavigationController */ = {
			isa = PBXGroup;
			children = (
				E339CFB31CE2DA100074DB9A /* HFNavigationController */,
				E339CFC51CE2E0BE0074DB9A /* First */,
				E339CFC61CE2E0D70074DB9A /* Second */,
				E339CFC41CE2E0AD0074DB9A /* Main */,
				E339CF831CE2D7B80074DB9A /* AppDelegate.h */,
				E339CF841CE2D7B80074DB9A /* AppDelegate.m */,
				E339CF801CE2D7B80074DB9A /* Supporting Files */,
			);
			path = HFNavigationController;
			sourceTree = "<group>";
		};
		E339CF801CE2D7B80074DB9A /* Supporting Files */ = {
			isa = PBXGroup;
			children = (
				E339CF811CE2D7B80074DB9A /* main.m */,
				E339CF8E1CE2D7B80074DB9A /* LaunchScreen.storyboard */,
				E339CF911CE2D7B80074DB9A /* Info.plist */,
				E339CF8C1CE2D7B80074DB9A /* Assets.xcassets */,
			);
			name = "Supporting Files";
			sourceTree = "<group>";
		};
		E339CF991CE2D7B80074DB9A /* HFNavigationControllerTests */ = {
			isa = PBXGroup;
			children = (
				E339CF9A1CE2D7B80074DB9A /* HFNavigationControllerTests.m */,
				E339CF9C1CE2D7B80074DB9A /* Info.plist */,
			);
			path = HFNavigationControllerTests;
			sourceTree = "<group>";
		};
		E339CFA41CE2D7B80074DB9A /* HFNavigationControllerUITests */ = {
			isa = PBXGroup;
			children = (
				E339CFA51CE2D7B80074DB9A /* HFNavigationControllerUITests.m */,
				E339CFA71CE2D7B80074DB9A /* Info.plist */,
			);
			path = HFNavigationControllerUITests;
			sourceTree = "<group>";
		};
		E339CFB31CE2DA100074DB9A /* HFNavigationController */ = {
			isa = PBXGroup;
			children = (
				E339CFC11CE2DDAA0074DB9A /* HFNavigationController.h */,
				E339CFC21CE2DDAA0074DB9A /* HFNavigationController.m */,
			);
			name = HFNavigationController;
			sourceTree = "<group>";
		};
		E339CFC41CE2E0AD0074DB9A /* Main */ = {
			isa = PBXGroup;
			children = (
				E339CFB41CE2DA9E0074DB9A /* TabBarController.h */,
				E339CFB51CE2DA9E0074DB9A /* TabBarController.m */,
			);
			name = Main;
			sourceTree = "<group>";
		};
		E339CFC51CE2E0BE0074DB9A /* First */ = {
			isa = PBXGroup;
			children = (
				E339CFB71CE2DCDC0074DB9A /* OneViewController.h */,
				E339CFB81CE2DCDC0074DB9A /* OneViewController.m */,
				E339CFB91CE2DCDC0074DB9A /* OneViewController.xib */,
				E339CFC71CE2E1550074DB9A /* OnePushViewController.h */,
				E339CFC81CE2E1550074DB9A /* OnePushViewController.m */,
				E339CFC91CE2E1550074DB9A /* OnePushViewController.xib */,
			);
			name = First;
			sourceTree = "<group>";
		};
		E339CFC61CE2E0D70074DB9A /* Second */ = {
			isa = PBXGroup;
			children = (
				E339CFBC1CE2DCFB0074DB9A /* TwoViewController.h */,
				E339CFBD1CE2DCFB0074DB9A /* TwoViewController.m */,
				E339CFBE1CE2DCFB0074DB9A /* TwoViewController.xib */,
			);
			name = Second;
			sourceTree = "<group>";
		};
/* End PBXGroup section */

/* Begin PBXNativeTarget section */
		E339CF7C1CE2D7B80074DB9A /* HFNavigationController */ = {
			isa = PBXNativeTarget;
			buildConfigurationList = E339CFAA1CE2D7B90074DB9A /* Build configuration list for PBXNativeTarget "HFNavigationController" */;
			buildPhases = (
				E339CF791CE2D7B80074DB9A /* Sources */,
				E339CF7A1CE2D7B80074DB9A /* Frameworks */,
				E339CF7B1CE2D7B80074DB9A /* Resources */,
			);
			buildRules = (
			);
			dependencies = (
			);
			name = HFNavigationController;
			productName = HFNavigationController;
			productReference = E339CF7D1CE2D7B80074DB9A /* HFNavigationController.app */;
			productType = "com.apple.product-type.application";
		};
		E339CF951CE2D7B80074DB9A /* HFNavigationControllerTests */ = {
			isa = PBXNativeTarget;
			buildConfigurationList = E339CFAD1CE2D7B90074DB9A /* Build configuration list for PBXNativeTarget "HFNavigationControllerTests" */;
			buildPhases = (
				E339CF921CE2D7B80074DB9A /* Sources */,
				E339CF931CE2D7B80074DB9A /* Frameworks */,
				E339CF941CE2D7B80074DB9A /* Resources */,
			);
			buildRules = (
			);
			dependencies = (
				E339CF981CE2D7B80074DB9A /* PBXTargetDependency */,
			);
			name = HFNavigationControllerTests;
			productName = HFNavigationControllerTests;
			productReference = E339CF961CE2D7B80074DB9A /* HFNavigationControllerTests.xctest */;
			productType = "com.apple.product-type.bundle.unit-test";
		};
		E339CFA01CE2D7B80074DB9A /* HFNavigationControllerUITests */ = {
			isa = PBXNativeTarget;
			buildConfigurationList = E339CFB01CE2D7B90074DB9A /* Build configuration list for PBXNativeTarget "HFNavigationControllerUITests" */;
			buildPhases = (
				E339CF9D1CE2D7B80074DB9A /* Sources */,
				E339CF9E1CE2D7B80074DB9A /* Frameworks */,
				E339CF9F1CE2D7B80074DB9A /* Resources */,
			);
			buildRules = (
			);
			dependencies = (
				E339CFA31CE2D7B80074DB9A /* PBXTargetDependency */,
			);
			name = HFNavigationControllerUITests;
			productName = HFNavigationControllerUITests;
			productReference = E339CFA11CE2D7B80074DB9A /* HFNavigationControllerUITests.xctest */;
			productType = "com.apple.product-type.bundle.ui-testing";
		};
/* End PBXNativeTarget section */

/* Begin PBXProject section */
		E339CF751CE2D7B80074DB9A /* Project object */ = {
			isa = PBXProject;
			attributes = {
				LastUpgradeCheck = 0730;
				ORGANIZATIONNAME = xuhongfei;
				TargetAttributes = {
					E339CF7C1CE2D7B80074DB9A = {
						CreatedOnToolsVersion = 7.3;
						DevelopmentTeam = R8AFL68W3V;
					};
					E339CF951CE2D7B80074DB9A = {
						CreatedOnToolsVersion = 7.3;
						TestTargetID = E339CF7C1CE2D7B80074DB9A;
					};
					E339CFA01CE2D7B80074DB9A = {
						CreatedOnToolsVersion = 7.3;
						TestTargetID = E339CF7C1CE2D7B80074DB9A;
					};
				};
			};
			buildConfigurationList = E339CF781CE2D7B80074DB9A /* Build configuration list for PBXProject "HFNavigationController" */;
			compatibilityVersion = "Xcode 3.2";
			developmentRegion = English;
			hasScannedForEncodings = 0;
			knownRegions = (
				en,
				Base,
			);
			mainGroup = E339CF741CE2D7B80074DB9A;
			productRefGroup = E339CF7E1CE2D7B80074DB9A /* Products */;
			projectDirPath = "";
			projectRoot = "";
			targets = (
				E339CF7C1CE2D7B80074DB9A /* HFNavigationController */,
				E339CF951CE2D7B80074DB9A /* HFNavigationControllerTests */,
				E339CFA01CE2D7B80074DB9A /* HFNavigationControllerUITests */,
			);
		};
/* End PBXProject section */

/* Begin PBXResourcesBuildPhase section */
		E339CF7B1CE2D7B80074DB9A /* Resources */ = {
			isa = PBXResourcesBuildPhase;
			buildActionMask = 2147483647;
			files = (
				E339CFCB1CE2E1550074DB9A /* OnePushViewController.xib in Resources */,
				E339CF901CE2D7B80074DB9A /* LaunchScreen.storyboard in Resources */,
				E339CF8D1CE2D7B80074DB9A /* Assets.xcassets in Resources */,
				E339CFBB1CE2DCDC0074DB9A /* OneViewController.xib in Resources */,
				E339CFC01CE2DCFB0074DB9A /* TwoViewController.xib in Resources */,
			);
			runOnlyForDeploymentPostprocessing = 0;
		};
		E339CF941CE2D7B80074DB9A /* Resources */ = {
			isa = PBXResourcesBuildPhase;
			buildActionMask = 2147483647;
			files = (
			);
			runOnlyForDeploymentPostprocessing = 0;
		};
		E339CF9F1CE2D7B80074DB9A /* Resources */ = {
			isa = PBXResourcesBuildPhase;
			buildActionMask = 2147483647;
			files = (
			);
			runOnlyForDeploymentPostprocessing = 0;
		};
/* End PBXResourcesBuildPhase section */

/* Begin PBXSourcesBuildPhase section */
		E339CF791CE2D7B80074DB9A /* Sources */ = {
			isa = PBXSourcesBuildPhase;
			buildActionMask = 2147483647;
			files = (
				E339CFB61CE2DA9E0074DB9A /* TabBarController.m in Sources */,
				E339CF851CE2D7B80074DB9A /* AppDelegate.m in Sources */,
				E339CF821CE2D7B80074DB9A /* main.m in Sources */,
				E339CFCA1CE2E1550074DB9A /* OnePushViewController.m in Sources */,
				E339CFC31CE2DDAA0074DB9A /* HFNavigationController.m in Sources */,
				E339CFBF1CE2DCFB0074DB9A /* TwoViewController.m in Sources */,
				E339CFBA1CE2DCDC0074DB9A /* OneViewController.m in Sources */,
			);
			runOnlyForDeploymentPostprocessing = 0;
		};
		E339CF921CE2D7B80074DB9A /* Sources */ = {
			isa = PBXSourcesBuildPhase;
			buildActionMask = 2147483647;
			files = (
				E339CF9B1CE2D7B80074DB9A /* HFNavigationControllerTests.m in Sources */,
			);
			runOnlyForDeploymentPostprocessing = 0;
		};
		E339CF9D1CE2D7B80074DB9A /* Sources */ = {
			isa = PBXSourcesBuildPhase;
			buildActionMask = 2147483647;
			files = (
				E339CFA61CE2D7B80074DB9A /* HFNavigationControllerUITests.m in Sources */,
			);
			runOnlyForDeploymentPostprocessing = 0;
		};
/* End PBXSourcesBuildPhase section */

/* Begin PBXTargetDependency section */
		E339CF981CE2D7B80074DB9A /* PBXTargetDependency */ = {
			isa = PBXTargetDependency;
			target = E339CF7C1CE2D7B80074DB9A /* HFNavigationController */;
			targetProxy = E339CF971CE2D7B80074DB9A /* PBXContainerItemProxy */;
		};
		E339CFA31CE2D7B80074DB9A /* PBXTargetDependency */ = {
			isa = PBXTargetDependency;
			target = E339CF7C1CE2D7B80074DB9A /* HFNavigationController */;
			targetProxy = E339CFA21CE2D7B80074DB9A /* PBXContainerItemProxy */;
		};
/* End PBXTargetDependency section */

/* Begin PBXVariantGroup section */
		E339CF8E1CE2D7B80074DB9A /* LaunchScreen.storyboard */ = {
			isa = PBXVariantGroup;
			children = (
				E339CF8F1CE2D7B80074DB9A /* Base */,
			);
			name = LaunchScreen.storyboard;
			sourceTree = "<group>";
		};
/* End PBXVariantGroup section */

/* Begin XCBuildConfiguration section */
		E339CFA81CE2D7B90074DB9A /* Debug */ = {
			isa = XCBuildConfiguration;
			buildSettings = {
				ALWAYS_SEARCH_USER_PATHS = NO;
				CLANG_ANALYZER_NONNULL = YES;
				CLANG_CXX_LANGUAGE_STANDARD = "gnu++0x";
				CLANG_CXX_LIBRARY = "libc++";
				CLANG_ENABLE_MODULES = YES;
				CLANG_ENABLE_OBJC_ARC = YES;
				CLANG_WARN_BOOL_CONVERSION = YES;
				CLANG_WARN_CONSTANT_CONVERSION = YES;
				CLANG_WARN_DIRECT_OBJC_ISA_USAGE = YES_ERROR;
				CLANG_WARN_EMPTY_BODY = YES;
				CLANG_WARN_ENUM_CONVERSION = YES;
				CLANG_WARN_INT_CONVERSION = YES;
				CLANG_WARN_OBJC_ROOT_CLASS = YES_ERROR;
				CLANG_WARN_UNREACHABLE_CODE = YES;
				CLANG_WARN__DUPLICATE_METHOD_MATCH = YES;
				"CODE_SIGN_IDENTITY[sdk=iphoneos*]" = "iPhone Developer";
				COPY_PHASE_STRIP = NO;
				DEBUG_INFORMATION_FORMAT = dwarf;
				ENABLE_STRICT_OBJC_MSGSEND = YES;
				ENABLE_TESTABILITY = YES;
				GCC_C_LANGUAGE_STANDARD = gnu99;
				GCC_DYNAMIC_NO_PIC = NO;
				GCC_NO_COMMON_BLOCKS = YES;
				GCC_OPTIMIZATION_LEVEL = 0;
				GCC_PREPROCESSOR_DEFINITIONS = (
					"DEBUG=1",
					"$(inherited)",
				);
				GCC_WARN_64_TO_32_BIT_CONVERSION = YES;
				GCC_WARN_ABOUT_RETURN_TYPE = YES_ERROR;
				GCC_WARN_UNDECLARED_SELECTOR = YES;
				GCC_WARN_UNINITIALIZED_AUTOS = YES_AGGRESSIVE;
				GCC_WARN_UNUSED_FUNCTION = YES;
				GCC_WARN_UNUSED_VARIABLE = YES;
				IPHONEOS_DEPLOYMENT_TARGET = 9.3;
				MTL_ENABLE_DEBUG_INFO = YES;
				ONLY_ACTIVE_ARCH = YES;
				SDKROOT = iphoneos;
				TARGETED_DEVICE_FAMILY = "1,2";
			};
			name = Debug;
		};
		E339CFA91CE2D7B90074DB9A /* Release */ = {
			isa = XCBuildConfiguration;
			buildSettings = {
				ALWAYS_SEARCH_USER_PATHS = NO;
				CLANG_ANALYZER_NONNULL = YES;
				CLANG_CXX_LANGUAGE_STANDARD = "gnu++0x";
				CLANG_CXX_LIBRARY = "libc++";
				CLANG_ENABLE_MODULES = YES;
				CLANG_ENABLE_OBJC_ARC = YES;
				CLANG_WARN_BOOL_CONVERSION = YES;
				CLANG_WARN_CONSTANT_CONVERSION = YES;
				CLANG_WARN_DIRECT_OBJC_ISA_USAGE = YES_ERROR;
				CLANG_WARN_EMPTY_BODY = YES;
				CLANG_WARN_ENUM_CONVERSION = YES;
				CLANG_WARN_INT_CONVERSION = YES;
				CLANG_WARN_OBJC_ROOT_CLASS = YES_ERROR;
				CLANG_WARN_UNREACHABLE_CODE = YES;
				CLANG_WARN__DUPLICATE_METHOD_MATCH = YES;
				"CODE_SIGN_IDENTITY[sdk=iphoneos*]" = "iPhone Developer";
				COPY_PHASE_STRIP = NO;
				DEBUG_INFORMATION_FORMAT = "dwarf-with-dsym";
				ENABLE_NS_ASSERTIONS = NO;
				ENABLE_STRICT_OBJC_MSGSEND = YES;
				GCC_C_LANGUAGE_STANDARD = gnu99;
				GCC_NO_COMMON_BLOCKS = YES;
				GCC_WARN_64_TO_32_BIT_CONVERSION = YES;
				GCC_WARN_ABOUT_RETURN_TYPE = YES_ERROR;
				GCC_WARN_UNDECLARED_SELECTOR = YES;
				GCC_WARN_UNINITIALIZED_AUTOS = YES_AGGRESSIVE;
				GCC_WARN_UNUSED_FUNCTION = YES;
				GCC_WARN_UNUSED_VARIABLE = YES;
				IPHONEOS_DEPLOYMENT_TARGET = 9.3;
				MTL_ENABLE_DEBUG_INFO = NO;
				SDKROOT = iphoneos;
				TARGETED_DEVICE_FAMILY = "1,2";
				VALIDATE_PRODUCT = YES;
			};
			name = Release;
		};
		E339CFAB1CE2D7B90074DB9A /* Debug */ = {
			isa = XCBuildConfiguration;
			buildSettings = {
				ASSETCATALOG_COMPILER_APPICON_NAME = AppIcon;
				CODE_SIGN_IDENTITY = "iPhone Developer";
				"CODE_SIGN_IDENTITY[sdk=iphoneos*]" = "iPhone Developer";
				INFOPLIST_FILE = HFNavigationController/Info.plist;
				LD_RUNPATH_SEARCH_PATHS = "$(inherited) @executable_path/Frameworks";
				PRODUCT_BUNDLE_IDENTIFIER = xuhongfei.HFNavigationController;
				PRODUCT_NAME = "$(TARGET_NAME)";
				PROVISIONING_PROFILE = "";
			};
			name = Debug;
		};
		E339CFAC1CE2D7B90074DB9A /* Release */ = {
			isa = XCBuildConfiguration;
			buildSettings = {
				ASSETCATALOG_COMPILER_APPICON_NAME = AppIcon;
				CODE_SIGN_IDENTITY = "iPhone Developer";
				"CODE_SIGN_IDENTITY[sdk=iphoneos*]" = "iPhone Developer";
				INFOPLIST_FILE = HFNavigationController/Info.plist;
				LD_RUNPATH_SEARCH_PATHS = "$(inherited) @executable_path/Frameworks";
				PRODUCT_BUNDLE_IDENTIFIER = xuhongfei.HFNavigationController;
				PRODUCT_NAME = "$(TARGET_NAME)";
				PROVISIONING_PROFILE = "";
			};
			name = Release;
		};
		E339CFAE1CE2D7B90074DB9A /* Debug */ = {
			isa = XCBuildConfiguration;
			buildSettings = {
				BUNDLE_LOADER = "$(TEST_HOST)";
				INFOPLIST_FILE = HFNavigationControllerTests/Info.plist;
				LD_RUNPATH_SEARCH_PATHS = "$(inherited) @executable_path/Frameworks @loader_path/Frameworks";
				PRODUCT_BUNDLE_IDENTIFIER = xuhongfei.HFNavigationControllerTests;
				PRODUCT_NAME = "$(TARGET_NAME)";
				TEST_HOST = "$(BUILT_PRODUCTS_DIR)/HFNavigationController.app/HFNavigationController";
			};
			name = Debug;
		};
		E339CFAF1CE2D7B90074DB9A /* Release */ = {
			isa = XCBuildConfiguration;
			buildSettings = {
				BUNDLE_LOADER = "$(TEST_HOST)";
				INFOPLIST_FILE = HFNavigationControllerTests/Info.plist;
				LD_RUNPATH_SEARCH_PATHS = "$(inherited) @executable_path/Frameworks @loader_path/Frameworks";
				PRODUCT_BUNDLE_IDENTIFIER = xuhongfei.HFNavigationControllerTests;
				PRODUCT_NAME = "$(TARGET_NAME)";
				TEST_HOST = "$(BUILT_PRODUCTS_DIR)/HFNavigationController.app/HFNavigationController";
			};
			name = Release;
		};
		E339CFB11CE2D7B90074DB9A /* Debug */ = {
			isa = XCBuildConfiguration;
			buildSettings = {
				INFOPLIST_FILE = HFNavigationControllerUITests/Info.plist;
				LD_RUNPATH_SEARCH_PATHS = "$(inherited) @executable_path/Frameworks @loader_path/Frameworks";
				PRODUCT_BUNDLE_IDENTIFIER = xuhongfei.HFNavigationControllerUITests;
				PRODUCT_NAME = "$(TARGET_NAME)";
				TEST_TARGET_NAME = HFNavigationController;
			};
			name = Debug;
		};
		E339CFB21CE2D7B90074DB9A /* Release */ = {
			isa = XCBuildConfiguration;
			buildSettings = {
				INFOPLIST_FILE = HFNavigationControllerUITests/Info.plist;
				LD_RUNPATH_SEARCH_PATHS = "$(inherited) @executable_path/Frameworks @loader_path/Frameworks";
				PRODUCT_BUNDLE_IDENTIFIER = xuhongfei.HFNavigationControllerUITests;
				PRODUCT_NAME = "$(TARGET_NAME)";
				TEST_TARGET_NAME = HFNavigationController;
			};
			name = Release;
		};
/* End XCBuildConfiguration section */

/* Begin XCConfigurationList section */
		E339CF781CE2D7B80074DB9A /* Build configuration list for PBXProject "HFNavigationController" */ = {
			isa = XCConfigurationList;
			buildConfigurations = (
				E339CFA81CE2D7B90074DB9A /* Debug */,
				E339CFA91CE2D7B90074DB9A /* Release */,
			);
			defaultConfigurationIsVisible = 0;
			defaultConfigurationName = Release;
		};
		E339CFAA1CE2D7B90074DB9A /* Build configuration list for PBXNativeTarget "HFNavigationController" */ = {
			isa = XCConfigurationList;
			buildConfigurations = (
				E339CFAB1CE2D7B90074DB9A /* Debug */,
				E339CFAC1CE2D7B90074DB9A /* Release */,
			);
			defaultConfigurationIsVisible = 0;
		};
		E339CFAD1CE2D7B90074DB9A /* Build configuration list for PBXNativeTarget "HFNavigationControllerTests" */ = {
			isa = XCConfigurationList;
			buildConfigurations = (
				E339CFAE1CE2D7B90074DB9A /* Debug */,
				E339CFAF1CE2D7B90074DB9A /* Release */,
			);
			defaultConfigurationIsVisible = 0;
		};
		E339CFB01CE2D7B90074DB9A /* Build configuration list for PBXNativeTarget "HFNavigationControllerUITests" */ = {
			isa = XCConfigurationList;
			buildConfigurations = (
				E339CFB11CE2D7B90074DB9A /* Debug */,
				E339CFB21CE2D7B90074DB9A /* Release */,
			);
			defaultConfigurationIsVisible = 0;
		};
/* End XCConfigurationList section */
	};
	rootObject = E339CF751CE2D7B80074DB9A /* Project object */;
}
